
Microsoft Visual Studio Solution File, Format Version 12.00
# Visual Studio Version 17
VisualStudioVersion = 17.6.33829.357
MinimumVisualStudioVersion = 10.0.40219.1
Project("{FAE04EC0-301F-11D3-BF4B-00C04F79EFBC}") = "Ibims_addins", "Ibims_addins.csproj", "{5A10CEA5-DE2F-4363-988E-E33A3D65CA84}"
EndProject
Global
	GlobalSection(SolutionConfigurationPlatforms) = preSolution
		Debug|Any CPU = Debug|Any CPU
		Release|Any CPU = Release|Any CPU
	EndGlobalSection
	GlobalSection(ProjectConfigurationPlatforms) = postSolution
		{5A10CEA5-DE2F-4363-988E-E33A3D65CA84}.Debug|Any CPU.ActiveCfg = Debug|Any CPU
		{5A10CEA5-DE2F-4363-988E-E33A3D65CA84}.Debug|Any CPU.Build.0 = Debug|Any CPU
		{5A10CEA5-DE2F-4363-988E-E33A3D65CA84}.Release|Any CPU.ActiveCfg = Release|Any CPU
		{5A10CEA5-DE2F-4363-988E-E33A3D65CA84}.Release|Any CPU.Build.0 = Release|Any CPU
	EndGlobalSection
	GlobalSection(SolutionProperties) = preSolution
		HideSolutionNode = FALSE
	EndGlobalSection
	GlobalSection(ExtensibilityGlobals) = postSolution
		SolutionGuid = {0B3B6AAB-C6D4-412F-BDBD-7C61292C1DBC}
	EndGlobalSection
EndGlobal
